
Microsoft Visual Studio Solution File, Format Version 12.00
# Visual Studio 15
VisualStudioVersion = 15.0.26430.15
MinimumVisualStudioVersion = 10.0.40219.1
Project("{2150E333-8FDC-42A3-9474-1A3956D46DE8}") = "src", "src", "{E59452A1-F662-4583-8D8E-96F333AB4265}"
EndProject
Project("{2150E333-8FDC-42A3-9474-1A3956D46DE8}") = "Solution Items", "Solution Items", "{5E0F430D-8FB9-410D-8704-0DB16818C7B7}"
EndProject
Project("{9A19103F-16F7-4668-BE54-9A1E7A4F7556}") = "WebApp", "src\WebApp\WebApp.csproj", "{C83D4D4D-DC99-478F-B3B6-72D954C3EF15}"
EndProject
Project("{9A19103F-16F7-4668-BE54-9A1E7A4F7556}") = "cloudscribe.Kvp.Models", "src\cloudscribe.Kvp.Models\cloudscribe.Kvp.Models.csproj", "{6495D3F6-E6B3-43C6-8506-896096E38ABE}"
EndProject
Project("{9A19103F-16F7-4668-BE54-9A1E7A4F7556}") = "cloudscribe.Kvp.Storage.NoDb", "src\cloudscribe.Kvp.Storage.NoDb\cloudscribe.Kvp.Storage.NoDb.csproj", "{46086531-1D25-4A49-A42B-0758FBB3370E}"
EndProject
Project("{9A19103F-16F7-4668-BE54-9A1E7A4F7556}") = "cloudscribe.UserProperties", "src\cloudscribe.UserProperties\cloudscribe.UserProperties.csproj", "{54876747-8023-43A5-A2EE-DD63D35F8D4E}"
EndProject
Project("{9A19103F-16F7-4668-BE54-9A1E7A4F7556}") = "cloudscribe.UserProperties.Kvp", "src\cloudscribe.UserProperties.Kvp\cloudscribe.UserProperties.Kvp.csproj", "{47E9EF2E-A2A4-4E09-893C-E9B89AF3F5CF}"
EndProject
Project("{9A19103F-16F7-4668-BE54-9A1E7A4F7556}") = "cloudscribe.Kvp.Storage.EFCore.Common", "src\cloudscribe.Kvp.Storage.EFCore.Common\cloudscribe.Kvp.Storage.EFCore.Common.csproj", "{D19CCA1A-9BE1-46FD-817E-AE6F0C4DB848}"
EndProject
Project("{9A19103F-16F7-4668-BE54-9A1E7A4F7556}") = "cloudscribe.Kvp.Storage.EFCore.MSSQL", "src\cloudscribe.Kvp.Storage.EFCore.MSSQL\cloudscribe.Kvp.Storage.EFCore.MSSQL.csproj", "{D54B3E4E-BB0C-4DFD-A337-0F0D2081AC55}"
EndProject
Project("{FAE04EC0-301F-11D3-BF4B-00C04F79EFBC}") = "cloudscribe.Kvp.Storage.EFCore.pgsql", "src\cloudscribe.Kvp.Storage.EFCore.pgsql\cloudscribe.Kvp.Storage.EFCore.pgsql.csproj", "{C7E1ADD6-27BB-4E34-8AE4-6542C5CE1B37}"
EndProject
Project("{FAE04EC0-301F-11D3-BF4B-00C04F79EFBC}") = "cloudscribe.Kvp.Storage.EFCore.MySql", "src\cloudscribe.Kvp.Storage.EFCore.MySql\cloudscribe.Kvp.Storage.EFCore.MySql.csproj", "{9ADE3018-F469-4DE3-AB06-3CEFE210A248}"
EndProject
Global
	GlobalSection(SolutionConfigurationPlatforms) = preSolution
		Debug|Any CPU = Debug|Any CPU
		Release|Any CPU = Release|Any CPU
	EndGlobalSection
	GlobalSection(ProjectConfigurationPlatforms) = postSolution
		{C83D4D4D-DC99-478F-B3B6-72D954C3EF15}.Debug|Any CPU.ActiveCfg = Debug|Any CPU
		{C83D4D4D-DC99-478F-B3B6-72D954C3EF15}.Debug|Any CPU.Build.0 = Debug|Any CPU
		{C83D4D4D-DC99-478F-B3B6-72D954C3EF15}.Release|Any CPU.ActiveCfg = Release|Any CPU
		{C83D4D4D-DC99-478F-B3B6-72D954C3EF15}.Release|Any CPU.Build.0 = Release|Any CPU
		{6495D3F6-E6B3-43C6-8506-896096E38ABE}.Debug|Any CPU.ActiveCfg = Debug|Any CPU
		{6495D3F6-E6B3-43C6-8506-896096E38ABE}.Debug|Any CPU.Build.0 = Debug|Any CPU
		{6495D3F6-E6B3-43C6-8506-896096E38ABE}.Release|Any CPU.ActiveCfg = Release|Any CPU
		{6495D3F6-E6B3-43C6-8506-896096E38ABE}.Release|Any CPU.Build.0 = Release|Any CPU
		{46086531-1D25-4A49-A42B-0758FBB3370E}.Debug|Any CPU.ActiveCfg = Debug|Any CPU
		{46086531-1D25-4A49-A42B-0758FBB3370E}.Debug|Any CPU.Build.0 = Debug|Any CPU
		{46086531-1D25-4A49-A42B-0758FBB3370E}.Release|Any CPU.ActiveCfg = Release|Any CPU
		{46086531-1D25-4A49-A42B-0758FBB3370E}.Release|Any CPU.Build.0 = Release|Any CPU
		{54876747-8023-43A5-A2EE-DD63D35F8D4E}.Debug|Any CPU.ActiveCfg = Debug|Any CPU
		{54876747-8023-43A5-A2EE-DD63D35F8D4E}.Debug|Any CPU.Build.0 = Debug|Any CPU
		{54876747-8023-43A5-A2EE-DD63D35F8D4E}.Release|Any CPU.ActiveCfg = Release|Any CPU
		{54876747-8023-43A5-A2EE-DD63D35F8D4E}.Release|Any CPU.Build.0 = Release|Any CPU
		{47E9EF2E-A2A4-4E09-893C-E9B89AF3F5CF}.Debug|Any CPU.ActiveCfg = Debug|Any CPU
		{47E9EF2E-A2A4-4E09-893C-E9B89AF3F5CF}.Debug|Any CPU.Build.0 = Debug|Any CPU
		{47E9EF2E-A2A4-4E09-893C-E9B89AF3F5CF}.Release|Any CPU.ActiveCfg = Release|Any CPU
		{47E9EF2E-A2A4-4E09-893C-E9B89AF3F5CF}.Release|Any CPU.Build.0 = Release|Any CPU
		{D19CCA1A-9BE1-46FD-817E-AE6F0C4DB848}.Debug|Any CPU.ActiveCfg = Debug|Any CPU
		{D19CCA1A-9BE1-46FD-817E-AE6F0C4DB848}.Debug|Any CPU.Build.0 = Debug|Any CPU
		{D19CCA1A-9BE1-46FD-817E-AE6F0C4DB848}.Release|Any CPU.ActiveCfg = Release|Any CPU
		{D19CCA1A-9BE1-46FD-817E-AE6F0C4DB848}.Release|Any CPU.Build.0 = Release|Any CPU
		{D54B3E4E-BB0C-4DFD-A337-0F0D2081AC55}.Debug|Any CPU.ActiveCfg = Debug|Any CPU
		{D54B3E4E-BB0C-4DFD-A337-0F0D2081AC55}.Debug|Any CPU.Build.0 = Debug|Any CPU
		{D54B3E4E-BB0C-4DFD-A337-0F0D2081AC55}.Release|Any CPU.ActiveCfg = Release|Any CPU
		{D54B3E4E-BB0C-4DFD-A337-0F0D2081AC55}.Release|Any CPU.Build.0 = Release|Any CPU
		{C7E1ADD6-27BB-4E34-8AE4-6542C5CE1B37}.Debug|Any CPU.ActiveCfg = Debug|Any CPU
		{C7E1ADD6-27BB-4E34-8AE4-6542C5CE1B37}.Debug|Any CPU.Build.0 = Debug|Any CPU
		{C7E1ADD6-27BB-4E34-8AE4-6542C5CE1B37}.Release|Any CPU.ActiveCfg = Release|Any CPU
		{C7E1ADD6-27BB-4E34-8AE4-6542C5CE1B37}.Release|Any CPU.Build.0 = Release|Any CPU
		{9ADE3018-F469-4DE3-AB06-3CEFE210A248}.Debug|Any CPU.ActiveCfg = Debug|Any CPU
		{9ADE3018-F469-4DE3-AB06-3CEFE210A248}.Debug|Any CPU.Build.0 = Debug|Any CPU
		{9ADE3018-F469-4DE3-AB06-3CEFE210A248}.Release|Any CPU.ActiveCfg = Release|Any CPU
		{9ADE3018-F469-4DE3-AB06-3CEFE210A248}.Release|Any CPU.Build.0 = Release|Any CPU
	EndGlobalSection
	GlobalSection(SolutionProperties) = preSolution
		HideSolutionNode = FALSE
	EndGlobalSection
	GlobalSection(NestedProjects) = preSolution
		{C83D4D4D-DC99-478F-B3B6-72D954C3EF15} = {E59452A1-F662-4583-8D8E-96F333AB4265}
		{6495D3F6-E6B3-43C6-8506-896096E38ABE} = {E59452A1-F662-4583-8D8E-96F333AB4265}
		{46086531-1D25-4A49-A42B-0758FBB3370E} = {E59452A1-F662-4583-8D8E-96F333AB4265}
		{54876747-8023-43A5-A2EE-DD63D35F8D4E} = {E59452A1-F662-4583-8D8E-96F333AB4265}
		{47E9EF2E-A2A4-4E09-893C-E9B89AF3F5CF} = {E59452A1-F662-4583-8D8E-96F333AB4265}
		{D19CCA1A-9BE1-46FD-817E-AE6F0C4DB848} = {E59452A1-F662-4583-8D8E-96F333AB4265}
		{D54B3E4E-BB0C-4DFD-A337-0F0D2081AC55} = {E59452A1-F662-4583-8D8E-96F333AB4265}
		{C7E1ADD6-27BB-4E34-8AE4-6542C5CE1B37} = {E59452A1-F662-4583-8D8E-96F333AB4265}
		{9ADE3018-F469-4DE3-AB06-3CEFE210A248} = {E59452A1-F662-4583-8D8E-96F333AB4265}
	EndGlobalSection
EndGlobal
